// !$*UTF8*$!
{
	archiveVersion = 1;
	classes = {
	};
	objectVersion = 55;
	objects = {

/* Begin PBXBuildFile section */
		A0581A752A06724B008CF87C /* AppDelegate.swift in Sources */ = {isa = PBXBuildFile; fileRef = A0581A742A06724B008CF87C /* AppDelegate.swift */; };
		A0581A772A06724B008CF87C /* SceneDelegate.swift in Sources */ = {isa = PBXBuildFile; fileRef = A0581A762A06724B008CF87C /* SceneDelegate.swift */; };
		A0581A792A06724B008CF87C /* ViewController.swift in Sources */ = {isa = PBXBuildFile; fileRef = A0581A782A06724B008CF87C /* ViewController.swift */; };
		A0581A7C2A06724B008CF87C /* Main.storyboard in Resources */ = {isa = PBXBuildFile; fileRef = A0581A7A2A06724B008CF87C /* Main.storyboard */; };
		A0581A7F2A06724B008CF87C /* Focus_On.xcdatamodeld in Sources */ = {isa = PBXBuildFile; fileRef = A0581A7D2A06724B008CF87C /* Focus_On.xcdatamodeld */; };
		A0581A812A06724C008CF87C /* Assets.xcassets in Resources */ = {isa = PBXBuildFile; fileRef = A0581A802A06724C008CF87C /* Assets.xcassets */; };
		A0581A842A06724C008CF87C /* LaunchScreen.storyboard in Resources */ = {isa = PBXBuildFile; fileRef = A0581A822A06724C008CF87C /* LaunchScreen.storyboard */; };
		A0581A8D2A0677DC008CF87C /* GoalEntity+CoreDataClass.swift in Sources */ = {isa = PBXBuildFile; fileRef = A0581A8B2A0677DC008CF87C /* GoalEntity+CoreDataClass.swift */; };
		A0581A8E2A0677DC008CF87C /* GoalEntity+CoreDataProperties.swift in Sources */ = {isa = PBXBuildFile; fileRef = A0581A8C2A0677DC008CF87C /* GoalEntity+CoreDataProperties.swift */; };
		A0581A912A067827008CF87C /* TaskEntity+CoreDataClass.swift in Sources */ = {isa = PBXBuildFile; fileRef = A0581A8F2A067827008CF87C /* TaskEntity+CoreDataClass.swift */; };
		A0581A922A067827008CF87C /* TaskEntity+CoreDataProperties.swift in Sources */ = {isa = PBXBuildFile; fileRef = A0581A902A067827008CF87C /* TaskEntity+CoreDataProperties.swift */; };
		A0581A952A067909008CF87C /* TodaysModel.swift in Sources */ = {isa = PBXBuildFile; fileRef = A0581A942A067909008CF87C /* TodaysModel.swift */; };
		A0581A972A067950008CF87C /* Goal.swift in Sources */ = {isa = PBXBuildFile; fileRef = A0581A962A067950008CF87C /* Goal.swift */; };
		A0581A9B2A0679E0008CF87C /* Task.swift in Sources */ = {isa = PBXBuildFile; fileRef = A0581A9A2A0679E0008CF87C /* Task.swift */; };
		A0581A9D2A067AF8008CF87C /* ListElement.swift in Sources */ = {isa = PBXBuildFile; fileRef = A0581A9C2A067AF8008CF87C /* ListElement.swift */; };
		A0581AA02A067B6F008CF87C /* DataController.swift in Sources */ = {isa = PBXBuildFile; fileRef = A0581A9F2A067B6F008CF87C /* DataController.swift */; };
		A0581AA32A068568008CF87C /* DateFormattingHelper.swift in Sources */ = {isa = PBXBuildFile; fileRef = A0581AA22A068568008CF87C /* DateFormattingHelper.swift */; };
		A0581AA72A0686B0008CF87C /* Checkbox.swift in Sources */ = {isa = PBXBuildFile; fileRef = A0581AA62A0686B0008CF87C /* Checkbox.swift */; };
		A0581AAB2A068B5F008CF87C /* GoalCheckbox.swift in Sources */ = {isa = PBXBuildFile; fileRef = A0581AAA2A068B5F008CF87C /* GoalCheckbox.swift */; };
		A0581AAD2A068CA2008CF87C /* TodaysViewController.swift in Sources */ = {isa = PBXBuildFile; fileRef = A0581AAC2A068CA2008CF87C /* TodaysViewController.swift */; };
		A0581AAF2A068EEB008CF87C /* GoalCheckCell.swift in Sources */ = {isa = PBXBuildFile; fileRef = A0581AAE2A068EEB008CF87C /* GoalCheckCell.swift */; };
		A0581AB12A068F3F008CF87C /* CheckTableViewCell.swift in Sources */ = {isa = PBXBuildFile; fileRef = A0581AB02A068F3F008CF87C /* CheckTableViewCell.swift */; };
		A0581AB32A069034008CF87C /* TaskViewController.swift in Sources */ = {isa = PBXBuildFile; fileRef = A0581AB22A069034008CF87C /* TaskViewController.swift */; };
		A0581AB52A06907B008CF87C /* GoalViewController.swift in Sources */ = {isa = PBXBuildFile; fileRef = A0581AB42A06907B008CF87C /* GoalViewController.swift */; };
		A06E3D2E2A73126D0036E42D /* ProgressViewController.swift in Sources */ = {isa = PBXBuildFile; fileRef = A06E3D2D2A73126D0036E42D /* ProgressViewController.swift */; };
		A09ACD8C2A23F8B500F97724 /* DataManager.swift in Sources */ = {isa = PBXBuildFile; fileRef = A09ACD8B2A23F8B500F97724 /* DataManager.swift */; };
		A0ABE15D2A6EF5CC003AE3AA /* HistoryListViewController.swift in Sources */ = {isa = PBXBuildFile; fileRef = A0ABE15C2A6EF5CC003AE3AA /* HistoryListViewController.swift */; };
		A0ABE15F2A6EF777003AE3AA /* HistoryListModel.swift in Sources */ = {isa = PBXBuildFile; fileRef = A0ABE15E2A6EF777003AE3AA /* HistoryListModel.swift */; };
		A0ABE1622A6EFC87003AE3AA /* GoalHistoryTableViewCell.swift in Sources */ = {isa = PBXBuildFile; fileRef = A0ABE1602A6EFC87003AE3AA /* GoalHistoryTableViewCell.swift */; };
		A0ABE1632A6EFC87003AE3AA /* GoalHistoryTableViewCell.xib in Resources */ = {isa = PBXBuildFile; fileRef = A0ABE1612A6EFC87003AE3AA /* GoalHistoryTableViewCell.xib */; };
		A0ABE1662A6F079B003AE3AA /* TaskHistoryTableViewCell.swift in Sources */ = {isa = PBXBuildFile; fileRef = A0ABE1642A6F079B003AE3AA /* TaskHistoryTableViewCell.swift */; };
		A0ABE1672A6F079B003AE3AA /* TaskHistoryTableViewCell.xib in Resources */ = {isa = PBXBuildFile; fileRef = A0ABE1652A6F079B003AE3AA /* TaskHistoryTableViewCell.xib */; };
		A0ABE16A2A6F0924003AE3AA /* SummaryCell.swift in Sources */ = {isa = PBXBuildFile; fileRef = A0ABE1682A6F0924003AE3AA /* SummaryCell.swift */; };
		A0ABE16B2A6F0924003AE3AA /* SummaryCell.xib in Resources */ = {isa = PBXBuildFile; fileRef = A0ABE1692A6F0924003AE3AA /* SummaryCell.xib */; };
/* End PBXBuildFile section */

/* Begin PBXFileReference section */
		A0581A712A06724B008CF87C /* Focus On.app */ = {isa = PBXFileReference; explicitFileType = wrapper.application; includeInIndex = 0; path = "Focus On.app"; sourceTree = BUILT_PRODUCTS_DIR; };
		A0581A742A06724B008CF87C /* AppDelegate.swift */ = {isa = PBXFileReference; lastKnownFileType = sourcecode.swift; path = AppDelegate.swift; sourceTree = "<group>"; };
		A0581A762A06724B008CF87C /* SceneDelegate.swift */ = {isa = PBXFileReference; lastKnownFileType = sourcecode.swift; path = SceneDelegate.swift; sourceTree = "<group>"; };
		A0581A782A06724B008CF87C /* ViewController.swift */ = {isa = PBXFileReference; lastKnownFileType = sourcecode.swift; path = ViewController.swift; sourceTree = "<group>"; };
		A0581A7B2A06724B008CF87C /* Base */ = {isa = PBXFileReference; lastKnownFileType = file.storyboard; name = Base; path = Base.lproj/Main.storyboard; sourceTree = "<group>"; };
		A0581A7E2A06724B008CF87C /* Focus_On.xcdatamodel */ = {isa = PBXFileReference; lastKnownFileType = wrapper.xcdatamodel; path = Focus_On.xcdatamodel; sourceTree = "<group>"; };
		A0581A802A06724C008CF87C /* Assets.xcassets */ = {isa = PBXFileReference; lastKnownFileType = folder.assetcatalog; path = Assets.xcassets; sourceTree = "<group>"; };
		A0581A832A06724C008CF87C /* Base */ = {isa = PBXFileReference; lastKnownFileType = file.storyboard; name = Base; path = Base.lproj/LaunchScreen.storyboard; sourceTree = "<group>"; };
		A0581A852A06724C008CF87C /* Info.plist */ = {isa = PBXFileReference; lastKnownFileType = text.plist.xml; path = Info.plist; sourceTree = "<group>"; };
		A0581A8B2A0677DC008CF87C /* GoalEntity+CoreDataClass.swift */ = {isa = PBXFileReference; lastKnownFileType = sourcecode.swift; path = "GoalEntity+CoreDataClass.swift"; sourceTree = "<group>"; };
		A0581A8C2A0677DC008CF87C /* GoalEntity+CoreDataProperties.swift */ = {isa = PBXFileReference; lastKnownFileType = sourcecode.swift; path = "GoalEntity+CoreDataProperties.swift"; sourceTree = "<group>"; };
		A0581A8F2A067827008CF87C /* TaskEntity+CoreDataClass.swift */ = {isa = PBXFileReference; lastKnownFileType = sourcecode.swift; path = "TaskEntity+CoreDataClass.swift"; sourceTree = "<group>"; };
		A0581A902A067827008CF87C /* TaskEntity+CoreDataProperties.swift */ = {isa = PBXFileReference; lastKnownFileType = sourcecode.swift; path = "TaskEntity+CoreDataProperties.swift"; sourceTree = "<group>"; };
		A0581A942A067909008CF87C /* TodaysModel.swift */ = {isa = PBXFileReference; lastKnownFileType = sourcecode.swift; path = TodaysModel.swift; sourceTree = "<group>"; };
		A0581A962A067950008CF87C /* Goal.swift */ = {isa = PBXFileReference; lastKnownFileType = sourcecode.swift; path = Goal.swift; sourceTree = "<group>"; };
		A0581A9A2A0679E0008CF87C /* Task.swift */ = {isa = PBXFileReference; lastKnownFileType = sourcecode.swift; path = Task.swift; sourceTree = "<group>"; };
		A0581A9C2A067AF8008CF87C /* ListElement.swift */ = {isa = PBXFileReference; lastKnownFileType = sourcecode.swift; path = ListElement.swift; sourceTree = "<group>"; };
		A0581A9F2A067B6F008CF87C /* DataController.swift */ = {isa = PBXFileReference; lastKnownFileType = sourcecode.swift; path = DataController.swift; sourceTree = "<group>"; };
		A0581AA22A068568008CF87C /* DateFormattingHelper.swift */ = {isa = PBXFileReference; lastKnownFileType = sourcecode.swift; path = DateFormattingHelper.swift; sourceTree = "<group>"; };
		A0581AA62A0686B0008CF87C /* Checkbox.swift */ = {isa = PBXFileReference; lastKnownFileType = sourcecode.swift; path = Checkbox.swift; sourceTree = "<group>"; };
		A0581AAA2A068B5F008CF87C /* GoalCheckbox.swift */ = {isa = PBXFileReference; lastKnownFileType = sourcecode.swift; path = GoalCheckbox.swift; sourceTree = "<group>"; };
		A0581AAC2A068CA2008CF87C /* TodaysViewController.swift */ = {isa = PBXFileReference; lastKnownFileType = sourcecode.swift; path = TodaysViewController.swift; sourceTree = "<group>"; };
		A0581AAE2A068EEB008CF87C /* GoalCheckCell.swift */ = {isa = PBXFileReference; lastKnownFileType = sourcecode.swift; path = GoalCheckCell.swift; sourceTree = "<group>"; };
		A0581AB02A068F3F008CF87C /* CheckTableViewCell.swift */ = {isa = PBXFileReference; lastKnownFileType = sourcecode.swift; path = CheckTableViewCell.swift; sourceTree = "<group>"; };
		A0581AB22A069034008CF87C /* TaskViewController.swift */ = {isa = PBXFileReference; lastKnownFileType = sourcecode.swift; path = TaskViewController.swift; sourceTree = "<group>"; };
		A0581AB42A06907B008CF87C /* GoalViewController.swift */ = {isa = PBXFileReference; lastKnownFileType = sourcecode.swift; path = GoalViewController.swift; sourceTree = "<group>"; };
		A06E3D2D2A73126D0036E42D /* ProgressViewController.swift */ = {isa = PBXFileReference; lastKnownFileType = sourcecode.swift; path = ProgressViewController.swift; sourceTree = "<group>"; };
		A09ACD8B2A23F8B500F97724 /* DataManager.swift */ = {isa = PBXFileReference; lastKnownFileType = sourcecode.swift; path = DataManager.swift; sourceTree = "<group>"; };
		A0ABE15C2A6EF5CC003AE3AA /* HistoryListViewController.swift */ = {isa = PBXFileReference; lastKnownFileType = sourcecode.swift; path = HistoryListViewController.swift; sourceTree = "<group>"; };
		A0ABE15E2A6EF777003AE3AA /* HistoryListModel.swift */ = {isa = PBXFileReference; lastKnownFileType = sourcecode.swift; path = HistoryListModel.swift; sourceTree = "<group>"; };
		A0ABE1602A6EFC87003AE3AA /* GoalHistoryTableViewCell.swift */ = {isa = PBXFileReference; lastKnownFileType = sourcecode.swift; path = GoalHistoryTableViewCell.swift; sourceTree = "<group>"; };
		A0ABE1612A6EFC87003AE3AA /* GoalHistoryTableViewCell.xib */ = {isa = PBXFileReference; lastKnownFileType = file.xib; path = GoalHistoryTableViewCell.xib; sourceTree = "<group>"; };
		A0ABE1642A6F079B003AE3AA /* TaskHistoryTableViewCell.swift */ = {isa = PBXFileReference; lastKnownFileType = sourcecode.swift; path = TaskHistoryTableViewCell.swift; sourceTree = "<group>"; };
		A0ABE1652A6F079B003AE3AA /* TaskHistoryTableViewCell.xib */ = {isa = PBXFileReference; lastKnownFileType = file.xib; path = TaskHistoryTableViewCell.xib; sourceTree = "<group>"; };
		A0ABE1682A6F0924003AE3AA /* SummaryCell.swift */ = {isa = PBXFileReference; lastKnownFileType = sourcecode.swift; path = SummaryCell.swift; sourceTree = "<group>"; };
		A0ABE1692A6F0924003AE3AA /* SummaryCell.xib */ = {isa = PBXFileReference; lastKnownFileType = file.xib; path = SummaryCell.xib; sourceTree = "<group>"; };
/* End PBXFileReference section */

/* Begin PBXFrameworksBuildPhase section */
		A0581A6E2A06724B008CF87C /* Frameworks */ = {
			isa = PBXFrameworksBuildPhase;
			buildActionMask = 2147483647;
			files = (
			);
			runOnlyForDeploymentPostprocessing = 0;
		};
/* End PBXFrameworksBuildPhase section */

/* Begin PBXGroup section */
		A0581A682A06724B008CF87C = {
			isa = PBXGroup;
			children = (
				A0581A732A06724B008CF87C /* Focus On */,
				A0581A9E2A067B52008CF87C /* Controllers */,
				A0581A932A0678AD008CF87C /* Model */,
				A0581A8F2A067827008CF87C /* TaskEntity+CoreDataClass.swift */,
				A0581A902A067827008CF87C /* TaskEntity+CoreDataProperties.swift */,
				A0581A8B2A0677DC008CF87C /* GoalEntity+CoreDataClass.swift */,
				A0581A8C2A0677DC008CF87C /* GoalEntity+CoreDataProperties.swift */,
				A0581AA12A068546008CF87C /* Helpers */,
				A0581A722A06724B008CF87C /* Products */,
			);
			sourceTree = "<group>";
		};
		A0581A722A06724B008CF87C /* Products */ = {
			isa = PBXGroup;
			children = (
				A0581A712A06724B008CF87C /* Focus On.app */,
			);
			name = Products;
			sourceTree = "<group>";
		};
		A0581A732A06724B008CF87C /* Focus On */ = {
			isa = PBXGroup;
			children = (
				A0581A742A06724B008CF87C /* AppDelegate.swift */,
				A0581A762A06724B008CF87C /* SceneDelegate.swift */,
				A0581A782A06724B008CF87C /* ViewController.swift */,
				A0581A7A2A06724B008CF87C /* Main.storyboard */,
				A0581A802A06724C008CF87C /* Assets.xcassets */,
				A0581A822A06724C008CF87C /* LaunchScreen.storyboard */,
				A0581A852A06724C008CF87C /* Info.plist */,
				A0581A7D2A06724B008CF87C /* Focus_On.xcdatamodeld */,
				A09ACD8B2A23F8B500F97724 /* DataManager.swift */,
			);
			path = "Focus On";
			sourceTree = "<group>";
		};
		A0581A932A0678AD008CF87C /* Model */ = {
			isa = PBXGroup;
			children = (
				A0581A942A067909008CF87C /* TodaysModel.swift */,
				A0581A962A067950008CF87C /* Goal.swift */,
				A0581A9A2A0679E0008CF87C /* Task.swift */,
				A0581A9C2A067AF8008CF87C /* ListElement.swift */,
				A0ABE15E2A6EF777003AE3AA /* HistoryListModel.swift */,
			);
			path = Model;
			sourceTree = "<group>";
		};
		A0581A9E2A067B52008CF87C /* Controllers */ = {
			isa = PBXGroup;
			children = (
				A0581A9F2A067B6F008CF87C /* DataController.swift */,
				A0581AAC2A068CA2008CF87C /* TodaysViewController.swift */,
				A0581AB22A069034008CF87C /* TaskViewController.swift */,
				A0581AB42A06907B008CF87C /* GoalViewController.swift */,
				A0ABE15C2A6EF5CC003AE3AA /* HistoryListViewController.swift */,
				A06E3D2D2A73126D0036E42D /* ProgressViewController.swift */,
			);
			path = Controllers;
			sourceTree = "<group>";
		};
		A0581AA12A068546008CF87C /* Helpers */ = {
			isa = PBXGroup;
			children = (
				A0581AA22A068568008CF87C /* DateFormattingHelper.swift */,
				A0581AAA2A068B5F008CF87C /* GoalCheckbox.swift */,
				A0581AA62A0686B0008CF87C /* Checkbox.swift */,
				A0581AAE2A068EEB008CF87C /* GoalCheckCell.swift */,
				A0581AB02A068F3F008CF87C /* CheckTableViewCell.swift */,
				A0ABE1602A6EFC87003AE3AA /* GoalHistoryTableViewCell.swift */,
				A0ABE1612A6EFC87003AE3AA /* GoalHistoryTableViewCell.xib */,
				A0ABE1642A6F079B003AE3AA /* TaskHistoryTableViewCell.swift */,
				A0ABE1652A6F079B003AE3AA /* TaskHistoryTableViewCell.xib */,
				A0ABE1682A6F0924003AE3AA /* SummaryCell.swift */,
				A0ABE1692A6F0924003AE3AA /* SummaryCell.xib */,
			);
			path = Helpers;
			sourceTree = "<group>";
		};
/* End PBXGroup section */

/* Begin PBXNativeTarget section */
		A0581A702A06724B008CF87C /* Focus On */ = {
			isa = PBXNativeTarget;
			buildConfigurationList = A0581A882A06724C008CF87C /* Build configuration list for PBXNativeTarget "Focus On" */;
			buildPhases = (
				A0581A6D2A06724B008CF87C /* Sources */,
				A0581A6E2A06724B008CF87C /* Frameworks */,
				A0581A6F2A06724B008CF87C /* Resources */,
			);
			buildRules = (
			);
			dependencies = (
			);
			name = "Focus On";
			productName = "Focus On";
			productReference = A0581A712A06724B008CF87C /* Focus On.app */;
			productType = "com.apple.product-type.application";
		};
/* End PBXNativeTarget section */

/* Begin PBXProject section */
		A0581A692A06724B008CF87C /* Project object */ = {
			isa = PBXProject;
			attributes = {
				BuildIndependentTargetsInParallel = 1;
				LastSwiftUpdateCheck = 1330;
				LastUpgradeCheck = 1330;
				TargetAttributes = {
					A0581A702A06724B008CF87C = {
						CreatedOnToolsVersion = 13.3.1;
					};
				};
			};
			buildConfigurationList = A0581A6C2A06724B008CF87C /* Build configuration list for PBXProject "Focus On" */;
			compatibilityVersion = "Xcode 13.0";
			developmentRegion = en;
			hasScannedForEncodings = 0;
			knownRegions = (
				en,
				Base,
			);
			mainGroup = A0581A682A06724B008CF87C;
			productRefGroup = A0581A722A06724B008CF87C /* Products */;
			projectDirPath = "";
			projectRoot = "";
			targets = (
				A0581A702A06724B008CF87C /* Focus On */,
			);
		};
/* End PBXProject section */

/* Begin PBXResourcesBuildPhase section */
		A0581A6F2A06724B008CF87C /* Resources */ = {
			isa = PBXResourcesBuildPhase;
			buildActionMask = 2147483647;
			files = (
				A0581A842A06724C008CF87C /* LaunchScreen.storyboard in Resources */,
				A0ABE1632A6EFC87003AE3AA /* GoalHistoryTableViewCell.xib in Resources */,
				A0ABE1672A6F079B003AE3AA /* TaskHistoryTableViewCell.xib in Resources */,
				A0581A812A06724C008CF87C /* Assets.xcassets in Resources */,
				A0ABE16B2A6F0924003AE3AA /* SummaryCell.xib in Resources */,
				A0581A7C2A06724B008CF87C /* Main.storyboard in Resources */,
			);
			runOnlyForDeploymentPostprocessing = 0;
		};
/* End PBXResourcesBuildPhase section */

/* Begin PBXSourcesBuildPhase section */
		A0581A6D2A06724B008CF87C /* Sources */ = {
			isa = PBXSourcesBuildPhase;
			buildActionMask = 2147483647;
			files = (
				A0ABE15F2A6EF777003AE3AA /* HistoryListModel.swift in Sources */,
				A0581AB52A06907B008CF87C /* GoalViewController.swift in Sources */,
				A0581AA72A0686B0008CF87C /* Checkbox.swift in Sources */,
				A06E3D2E2A73126D0036E42D /* ProgressViewController.swift in Sources */,
				A0ABE1662A6F079B003AE3AA /* TaskHistoryTableViewCell.swift in Sources */,
				A0581A952A067909008CF87C /* TodaysModel.swift in Sources */,
				A0581A912A067827008CF87C /* TaskEntity+CoreDataClass.swift in Sources */,
				A0581A9D2A067AF8008CF87C /* ListElement.swift in Sources */,
				A0581AB12A068F3F008CF87C /* CheckTableViewCell.swift in Sources */,
				A0581AAD2A068CA2008CF87C /* TodaysViewController.swift in Sources */,
				A0ABE15D2A6EF5CC003AE3AA /* HistoryListViewController.swift in Sources */,
				A0581A922A067827008CF87C /* TaskEntity+CoreDataProperties.swift in Sources */,
				A0581A792A06724B008CF87C /* ViewController.swift in Sources */,
				A09ACD8C2A23F8B500F97724 /* DataManager.swift in Sources */,
				A0581A9B2A0679E0008CF87C /* Task.swift in Sources */,
				A0581AAB2A068B5F008CF87C /* GoalCheckbox.swift in Sources */,
				A0581AA32A068568008CF87C /* DateFormattingHelper.swift in Sources */,
				A0ABE1622A6EFC87003AE3AA /* GoalHistoryTableViewCell.swift in Sources */,
				A0581A7F2A06724B008CF87C /* Focus_On.xcdatamodeld in Sources */,
				A0581A752A06724B008CF87C /* AppDelegate.swift in Sources */,
				A0581A8D2A0677DC008CF87C /* GoalEntity+CoreDataClass.swift in Sources */,
				A0581A772A06724B008CF87C /* SceneDelegate.swift in Sources */,
				A0581A972A067950008CF87C /* Goal.swift in Sources */,
				A0ABE16A2A6F0924003AE3AA /* SummaryCell.swift in Sources */,
				A0581AAF2A068EEB008CF87C /* GoalCheckCell.swift in Sources */,
				A0581AB32A069034008CF87C /* TaskViewController.swift in Sources */,
				A0581AA02A067B6F008CF87C /* DataController.swift in Sources */,
				A0581A8E2A0677DC008CF87C /* GoalEntity+CoreDataProperties.swift in Sources */,
			);
			runOnlyForDeploymentPostprocessing = 0;
		};
/* End PBXSourcesBuildPhase section */

/* Begin PBXVariantGroup section */
		A0581A7A2A06724B008CF87C /* Main.storyboard */ = {
			isa = PBXVariantGroup;
			children = (
				A0581A7B2A06724B008CF87C /* Base */,
			);
			name = Main.storyboard;
			sourceTree = "<group>";
		};
		A0581A822A06724C008CF87C /* LaunchScreen.storyboard */ = {
			isa = PBXVariantGroup;
			children = (
				A0581A832A06724C008CF87C /* Base */,
			);
			name = LaunchScreen.storyboard;
			sourceTree = "<group>";
		};
/* End PBXVariantGroup section */

/* Begin XCBuildConfiguration section */
		A0581A862A06724C008CF87C /* Debug */ = {
			isa = XCBuildConfiguration;
			buildSettings = {
				ALWAYS_SEARCH_USER_PATHS = NO;
				CLANG_ANALYZER_NONNULL = YES;
				CLANG_ANALYZER_NUMBER_OBJECT_CONVERSION = YES_AGGRESSIVE;
				CLANG_CXX_LANGUAGE_STANDARD = "gnu++17";
				CLANG_ENABLE_MODULES = YES;
				CLANG_ENABLE_OBJC_ARC = YES;
				CLANG_ENABLE_OBJC_WEAK = YES;
				CLANG_WARN_BLOCK_CAPTURE_AUTORELEASING = YES;
				CLANG_WARN_BOOL_CONVERSION = YES;
				CLANG_WARN_COMMA = YES;
				CLANG_WARN_CONSTANT_CONVERSION = YES;
				CLANG_WARN_DEPRECATED_OBJC_IMPLEMENTATIONS = YES;
				CLANG_WARN_DIRECT_OBJC_ISA_USAGE = YES_ERROR;
				CLANG_WARN_DOCUMENTATION_COMMENTS = YES;
				CLANG_WARN_EMPTY_BODY = YES;
				CLANG_WARN_ENUM_CONVERSION = YES;
				CLANG_WARN_INFINITE_RECURSION = YES;
				CLANG_WARN_INT_CONVERSION = YES;
				CLANG_WARN_NON_LITERAL_NULL_CONVERSION = YES;
				CLANG_WARN_OBJC_IMPLICIT_RETAIN_SELF = YES;
				CLANG_WARN_OBJC_LITERAL_CONVERSION = YES;
				CLANG_WARN_OBJC_ROOT_CLASS = YES_ERROR;
				CLANG_WARN_QUOTED_INCLUDE_IN_FRAMEWORK_HEADER = YES;
				CLANG_WARN_RANGE_LOOP_ANALYSIS = YES;
				CLANG_WARN_STRICT_PROTOTYPES = YES;
				CLANG_WARN_SUSPICIOUS_MOVE = YES;
				CLANG_WARN_UNGUARDED_AVAILABILITY = YES_AGGRESSIVE;
				CLANG_WARN_UNREACHABLE_CODE = YES;
				CLANG_WARN__DUPLICATE_METHOD_MATCH = YES;
				COPY_PHASE_STRIP = NO;
				DEBUG_INFORMATION_FORMAT = dwarf;
				ENABLE_STRICT_OBJC_MSGSEND = YES;
				ENABLE_TESTABILITY = YES;
				GCC_C_LANGUAGE_STANDARD = gnu11;
				GCC_DYNAMIC_NO_PIC = NO;
				GCC_NO_COMMON_BLOCKS = YES;
				GCC_OPTIMIZATION_LEVEL = 0;
				GCC_PREPROCESSOR_DEFINITIONS = (
					"DEBUG=1",
					"$(inherited)",
				);
				GCC_WARN_64_TO_32_BIT_CONVERSION = YES;
				GCC_WARN_ABOUT_RETURN_TYPE = YES_ERROR;
				GCC_WARN_UNDECLARED_SELECTOR = YES;
				GCC_WARN_UNINITIALIZED_AUTOS = YES_AGGRESSIVE;
				GCC_WARN_UNUSED_FUNCTION = YES;
				GCC_WARN_UNUSED_VARIABLE = YES;
				IPHONEOS_DEPLOYMENT_TARGET = 15.4;
				MTL_ENABLE_DEBUG_INFO = INCLUDE_SOURCE;
				MTL_FAST_MATH = YES;
				ONLY_ACTIVE_ARCH = YES;
				SDKROOT = iphoneos;
				SWIFT_ACTIVE_COMPILATION_CONDITIONS = DEBUG;
				SWIFT_OPTIMIZATION_LEVEL = "-Onone";
			};
			name = Debug;
		};
		A0581A872A06724C008CF87C /* Release */ = {
			isa = XCBuildConfiguration;
			buildSettings = {
				ALWAYS_SEARCH_USER_PATHS = NO;
				CLANG_ANALYZER_NONNULL = YES;
				CLANG_ANALYZER_NUMBER_OBJECT_CONVERSION = YES_AGGRESSIVE;
				CLANG_CXX_LANGUAGE_STANDARD = "gnu++17";
				CLANG_ENABLE_MODULES = YES;
				CLANG_ENABLE_OBJC_ARC = YES;
				CLANG_ENABLE_OBJC_WEAK = YES;
				CLANG_WARN_BLOCK_CAPTURE_AUTORELEASING = YES;
				CLANG_WARN_BOOL_CONVERSION = YES;
				CLANG_WARN_COMMA = YES;
				CLANG_WARN_CONSTANT_CONVERSION = YES;
				CLANG_WARN_DEPRECATED_OBJC_IMPLEMENTATIONS = YES;
				CLANG_WARN_DIRECT_OBJC_ISA_USAGE = YES_ERROR;
				CLANG_WARN_DOCUMENTATION_COMMENTS = YES;
				CLANG_WARN_EMPTY_BODY = YES;
				CLANG_WARN_ENUM_CONVERSION = YES;
				CLANG_WARN_INFINITE_RECURSION = YES;
				CLANG_WARN_INT_CONVERSION = YES;
				CLANG_WARN_NON_LITERAL_NULL_CONVERSION = YES;
				CLANG_WARN_OBJC_IMPLICIT_RETAIN_SELF = YES;
				CLANG_WARN_OBJC_LITERAL_CONVERSION = YES;
				CLANG_WARN_OBJC_ROOT_CLASS = YES_ERROR;
				CLANG_WARN_QUOTED_INCLUDE_IN_FRAMEWORK_HEADER = YES;
				CLANG_WARN_RANGE_LOOP_ANALYSIS = YES;
				CLANG_WARN_STRICT_PROTOTYPES = YES;
				CLANG_WARN_SUSPICIOUS_MOVE = YES;
				CLANG_WARN_UNGUARDED_AVAILABILITY = YES_AGGRESSIVE;
				CLANG_WARN_UNREACHABLE_CODE = YES;
				CLANG_WARN__DUPLICATE_METHOD_MATCH = YES;
				COPY_PHASE_STRIP = NO;
				DEBUG_INFORMATION_FORMAT = "dwarf-with-dsym";
				ENABLE_NS_ASSERTIONS = NO;
				ENABLE_STRICT_OBJC_MSGSEND = YES;
				GCC_C_LANGUAGE_STANDARD = gnu11;
				GCC_NO_COMMON_BLOCKS = YES;
				GCC_WARN_64_TO_32_BIT_CONVERSION = YES;
				GCC_WARN_ABOUT_RETURN_TYPE = YES_ERROR;
				GCC_WARN_UNDECLARED_SELECTOR = YES;
				GCC_WARN_UNINITIALIZED_AUTOS = YES_AGGRESSIVE;
				GCC_WARN_UNUSED_FUNCTION = YES;
				GCC_WARN_UNUSED_VARIABLE = YES;
				IPHONEOS_DEPLOYMENT_TARGET = 15.4;
				MTL_ENABLE_DEBUG_INFO = NO;
				MTL_FAST_MATH = YES;
				SDKROOT = iphoneos;
				SWIFT_COMPILATION_MODE = wholemodule;
				SWIFT_OPTIMIZATION_LEVEL = "-O";
				VALIDATE_PRODUCT = YES;
			};
			name = Release;
		};
		A0581A892A06724C008CF87C /* Debug */ = {
			isa = XCBuildConfiguration;
			buildSettings = {
				ASSETCATALOG_COMPILER_APPICON_NAME = AppIcon;
				ASSETCATALOG_COMPILER_GLOBAL_ACCENT_COLOR_NAME = AccentColor;
				ASSETCATALOG_COMPILER_INCLUDE_ALL_APPICON_ASSETS = YES;
				CODE_SIGN_STYLE = Automatic;
				CURRENT_PROJECT_VERSION = 1;
				DEVELOPMENT_TEAM = 58Q543QXGB;
				GENERATE_INFOPLIST_FILE = YES;
				INFOPLIST_FILE = "Focus On/Info.plist";
				INFOPLIST_KEY_UIApplicationSupportsIndirectInputEvents = YES;
				INFOPLIST_KEY_UILaunchStoryboardName = LaunchScreen;
				INFOPLIST_KEY_UIMainStoryboardFile = Main;
				INFOPLIST_KEY_UISupportedInterfaceOrientations_iPad = "UIInterfaceOrientationPortrait UIInterfaceOrientationPortraitUpsideDown UIInterfaceOrientationLandscapeLeft UIInterfaceOrientationLandscapeRight";
				INFOPLIST_KEY_UISupportedInterfaceOrientations_iPhone = "UIInterfaceOrientationPortrait UIInterfaceOrientationLandscapeLeft UIInterfaceOrientationLandscapeRight";
				LD_RUNPATH_SEARCH_PATHS = (
					"$(inherited)",
					"@executable_path/Frameworks",
				);
				MARKETING_VERSION = 1.0;
				PRODUCT_BUNDLE_IDENTIFIER = "tora.buke-gmail.com.Focus-On";
				PRODUCT_NAME = "$(TARGET_NAME)";
				SWIFT_EMIT_LOC_STRINGS = YES;
				SWIFT_VERSION = 5.0;
				TARGETED_DEVICE_FAMILY = "1,2";
			};
			name = Debug;
		};
		A0581A8A2A06724C008CF87C /* Release */ = {
			isa = XCBuildConfiguration;
			buildSettings = {
				ASSETCATALOG_COMPILER_APPICON_NAME = AppIcon;
				ASSETCATALOG_COMPILER_GLOBAL_ACCENT_COLOR_NAME = AccentColor;
				ASSETCATALOG_COMPILER_INCLUDE_ALL_APPICON_ASSETS = YES;
				CODE_SIGN_STYLE = Automatic;
				CURRENT_PROJECT_VERSION = 1;
				DEVELOPMENT_TEAM = 58Q543QXGB;
				GENERATE_INFOPLIST_FILE = YES;
				INFOPLIST_FILE = "Focus On/Info.plist";
				INFOPLIST_KEY_UIApplicationSupportsIndirectInputEvents = YES;
				INFOPLIST_KEY_UILaunchStoryboardName = LaunchScreen;
				INFOPLIST_KEY_UIMainStoryboardFile = Main;
				INFOPLIST_KEY_UISupportedInterfaceOrientations_iPad = "UIInterfaceOrientationPortrait UIInterfaceOrientationPortraitUpsideDown UIInterfaceOrientationLandscapeLeft UIInterfaceOrientationLandscapeRight";
				INFOPLIST_KEY_UISupportedInterfaceOrientations_iPhone = "UIInterfaceOrientationPortrait UIInterfaceOrientationLandscapeLeft UIInterfaceOrientationLandscapeRight";
				LD_RUNPATH_SEARCH_PATHS = (
					"$(inherited)",
					"@executable_path/Frameworks",
				);
				MARKETING_VERSION = 1.0;
				PRODUCT_BUNDLE_IDENTIFIER = "tora.buke-gmail.com.Focus-On";
				PRODUCT_NAME = "$(TARGET_NAME)";
				SWIFT_EMIT_LOC_STRINGS = YES;
				SWIFT_VERSION = 5.0;
				TARGETED_DEVICE_FAMILY = "1,2";
			};
			name = Release;
		};
/* End XCBuildConfiguration section */

/* Begin XCConfigurationList section */
		A0581A6C2A06724B008CF87C /* Build configuration list for PBXProject "Focus On" */ = {
			isa = XCConfigurationList;
			buildConfigurations = (
				A0581A862A06724C008CF87C /* Debug */,
				A0581A872A06724C008CF87C /* Release */,
			);
			defaultConfigurationIsVisible = 0;
			defaultConfigurationName = Release;
		};
		A0581A882A06724C008CF87C /* Build configuration list for PBXNativeTarget "Focus On" */ = {
			isa = XCConfigurationList;
			buildConfigurations = (
				A0581A892A06724C008CF87C /* Debug */,
				A0581A8A2A06724C008CF87C /* Release */,
			);
			defaultConfigurationIsVisible = 0;
			defaultConfigurationName = Release;
		};
/* End XCConfigurationList section */

/* Begin XCVersionGroup section */
		A0581A7D2A06724B008CF87C /* Focus_On.xcdatamodeld */ = {
			isa = XCVersionGroup;
			children = (
				A0581A7E2A06724B008CF87C /* Focus_On.xcdatamodel */,
			);
			currentVersion = A0581A7E2A06724B008CF87C /* Focus_On.xcdatamodel */;
			path = Focus_On.xcdatamodeld;
			sourceTree = "<group>";
			versionGroupType = wrapper.xcdatamodel;
		};
/* End XCVersionGroup section */
	};
	rootObject = A0581A692A06724B008CF87C /* Project object */;
}
